# Code generated by scarb DO NOT EDIT.
version = 1

[[package]]
name = "paved"
version = "0.0.0"
dependencies = [
 "quiver_achievement",
 "quiver_quest",
 "snforge_scarb_plugin",
 "snforge_std",
]

[[package]]
name = "quiver_achievement"
version = "0.2.0"
source = "registry+https://scarbs.xyz/"
checksum = "sha256:a66de3292e925cdcb2b4c669763d1d75f4aab4edcbe523a2043fb1320449e3db"

[[package]]
name = "quiver_quest"
version = "0.2.0"
source = "registry+https://scarbs.xyz/"
checksum = "sha256:15f0a3710a471e779f7a003f61eedc1814296a4dfa22ac7dda5c079e20cdcb54"

[[package]]
name = "snforge_scarb_plugin"
version = "0.64.0"
source = "registry+https://scarbs.xyz/"
checksum = "sha256:b6e330b8303add0d1a32e636e4e0d2b44a6b4ff5632bfe0ce66f136a701ae151"

[[package]]
name = "snforge_std"
version = "0.64.0"
source = "registry+https://scarbs.xyz/"
checksum = "sha256:ea9ca83895fd0ae4b99c5cf93b384b8045dc0dca80a075ecef1ee9fdf5ffa6f5"
dependencies = [
 "snforge_scarb_plugin",
]
