{
  "lockfileVersion": 1,
  "workspaces": {
    "": {
      "name": "paved-bench",
      "dependencies": {
        "playwright-core": "1.49.1",
        "source-map-js": "1.2.1",
      },
    },
  },
  "packages": {
    "playwright-core": ["playwright-core@1.49.1", "", { "bin": { "playwright-core": "cli.js" } }, "sha512-BzmpVcs4kE2CH15rWfzpjzVGhWERJfmnXmniSyKeRZUs9Ws65m+RGIi7mjJK/euCegfn3i7jvqWeWyHe9y3Vgg=="],

    "source-map-js": ["source-map-js@1.2.1", "", {}, "sha512-UXWMKhLOwVKb728IUtQPXxfYU+usdybtUrK/8uGE8CQMvrhOpwvzDBwj0QhSL7MQc7vIsISBG8VQ8+IDQxpfQA=="],
  }
}
